{
  "name": "netsi-signature",
  "version": "0.1.0",
  "lockfileVersion": 3,
  "requires": true,
  "packages": {
    "": {
      "name": "netsi-signature",
      "version": "0.1.0",
      "license": "MIT",
      "dependencies": {
        "netsi-signature": "^0.1.0"
      }
    },
    "node_modules/netsi-signature": {
      "version": "0.1.0",
      "resolved": "https://registry.npmjs.org/netsi-signature/-/netsi-signature-0.1.0.tgz",
      "integrity": "sha512-LdZjCNhotXJrKNyfbtlm9uzXhUZlFDuTJpJKjQtJg8y6199yR/beeWRwVNUEzON/N+FDKok3vy8+DnOZQG6l9A==",
      "license": "MIT"
    }
  }
}
